
Microsoft Visual Studio Solution File, Format Version 12.00
Project("{FAE04EC0-301F-11D3-BF4B-00C04F79EFBC}") = "ContactListLab", "ContactListLab\ContactListLab.csproj", "{9884B522-2CFA-4C24-8183-FA54D737010E}"
EndProject
Project("{FAE04EC0-301F-11D3-BF4B-00C04F79EFBC}") = "ContactListTesting", "ContactListTesting\ContactListTesting.csproj", "{2FCD7173-673B-450E-901C-7053626C4E26}"
EndProject
Global
	GlobalSection(SolutionConfigurationPlatforms) = preSolution
		Debug|Any CPU = Debug|Any CPU
		Release|Any CPU = Release|Any CPU
	EndGlobalSection
	GlobalSection(ProjectConfigurationPlatforms) = postSolution
		{9884B522-2CFA-4C24-8183-FA54D737010E}.Debug|Any CPU.ActiveCfg = Debug|Any CPU
		{9884B522-2CFA-4C24-8183-FA54D737010E}.Debug|Any CPU.Build.0 = Debug|Any CPU
		{9884B522-2CFA-4C24-8183-FA54D737010E}.Release|Any CPU.ActiveCfg = Release|Any CPU
		{9884B522-2CFA-4C24-8183-FA54D737010E}.Release|Any CPU.Build.0 = Release|Any CPU
		{2FCD7173-673B-450E-901C-7053626C4E26}.Debug|Any CPU.ActiveCfg = Debug|Any CPU
		{2FCD7173-673B-450E-901C-7053626C4E26}.Debug|Any CPU.Build.0 = Debug|Any CPU
		{2FCD7173-673B-450E-901C-7053626C4E26}.Release|Any CPU.ActiveCfg = Release|Any CPU
		{2FCD7173-673B-450E-901C-7053626C4E26}.Release|Any CPU.Build.0 = Release|Any CPU
	EndGlobalSection
EndGlobal
